
Microsoft Visual Studio Solution File, Format Version 12.00
# Visual Studio 15
VisualStudioVersion = 15.0.27130.2027
MinimumVisualStudioVersion = 10.0.40219.1
Project("{9A19103F-16F7-4668-BE54-9A1E7A4F7556}") = "01.ClassBox", "01.ClassBox\01.ClassBox.csproj", "{0CF29409-1202-4A29-80CD-BBF79F21ADD0}"
EndProject
Project("{FAE04EC0-301F-11D3-BF4B-00C04F79EFBC}") = "03.AnimalFarm", "03.AnimalFarm\03.AnimalFarm.csproj", "{3079B7C2-DCF9-4CAB-83CA-C47E5DFDDCB0}"
EndProject
Project("{FAE04EC0-301F-11D3-BF4B-00C04F79EFBC}") = "04.ShoppingSpree", "04.ShoppingSpree\04.ShoppingSpree.csproj", "{22EAD1BF-4CFA-4567-8FC7-405E4BEAEE46}"
EndProject
Project("{FAE04EC0-301F-11D3-BF4B-00C04F79EFBC}") = "05.PizzaCalories", "05.PizzaCalories\05.PizzaCalories.csproj", "{A47F14EA-3E7F-4199-83BB-66459E8083BF}"
EndProject
Project("{FAE04EC0-301F-11D3-BF4B-00C04F79EFBC}") = "06.FootballTeamGenerator", "1.FootballTeamGenerator\06.FootballTeamGenerator.csproj", "{6B14CA6F-801B-4E15-BA07-EBB0AF328765}"
EndProject
Global
	GlobalSection(SolutionConfigurationPlatforms) = preSolution
		Debug|Any CPU = Debug|Any CPU
		Release|Any CPU = Release|Any CPU
	EndGlobalSection
	GlobalSection(ProjectConfigurationPlatforms) = postSolution
		{0CF29409-1202-4A29-80CD-BBF79F21ADD0}.Debug|Any CPU.ActiveCfg = Debug|Any CPU
		{0CF29409-1202-4A29-80CD-BBF79F21ADD0}.Debug|Any CPU.Build.0 = Debug|Any CPU
		{0CF29409-1202-4A29-80CD-BBF79F21ADD0}.Release|Any CPU.ActiveCfg = Release|Any CPU
		{0CF29409-1202-4A29-80CD-BBF79F21ADD0}.Release|Any CPU.Build.0 = Release|Any CPU
		{3079B7C2-DCF9-4CAB-83CA-C47E5DFDDCB0}.Debug|Any CPU.ActiveCfg = Debug|Any CPU
		{3079B7C2-DCF9-4CAB-83CA-C47E5DFDDCB0}.Debug|Any CPU.Build.0 = Debug|Any CPU
		{3079B7C2-DCF9-4CAB-83CA-C47E5DFDDCB0}.Release|Any CPU.ActiveCfg = Release|Any CPU
		{3079B7C2-DCF9-4CAB-83CA-C47E5DFDDCB0}.Release|Any CPU.Build.0 = Release|Any CPU
		{22EAD1BF-4CFA-4567-8FC7-405E4BEAEE46}.Debug|Any CPU.ActiveCfg = Debug|Any CPU
		{22EAD1BF-4CFA-4567-8FC7-405E4BEAEE46}.Debug|Any CPU.Build.0 = Debug|Any CPU
		{22EAD1BF-4CFA-4567-8FC7-405E4BEAEE46}.Release|Any CPU.ActiveCfg = Release|Any CPU
		{22EAD1BF-4CFA-4567-8FC7-405E4BEAEE46}.Release|Any CPU.Build.0 = Release|Any CPU
		{A47F14EA-3E7F-4199-83BB-66459E8083BF}.Debug|Any CPU.ActiveCfg = Debug|Any CPU
		{A47F14EA-3E7F-4199-83BB-66459E8083BF}.Debug|Any CPU.Build.0 = Debug|Any CPU
		{A47F14EA-3E7F-4199-83BB-66459E8083BF}.Release|Any CPU.ActiveCfg = Release|Any CPU
		{A47F14EA-3E7F-4199-83BB-66459E8083BF}.Release|Any CPU.Build.0 = Release|Any CPU
		{6B14CA6F-801B-4E15-BA07-EBB0AF328765}.Debug|Any CPU.ActiveCfg = Debug|Any CPU
		{6B14CA6F-801B-4E15-BA07-EBB0AF328765}.Debug|Any CPU.Build.0 = Debug|Any CPU
		{6B14CA6F-801B-4E15-BA07-EBB0AF328765}.Release|Any CPU.ActiveCfg = Release|Any CPU
		{6B14CA6F-801B-4E15-BA07-EBB0AF328765}.Release|Any CPU.Build.0 = Release|Any CPU
	EndGlobalSection
	GlobalSection(SolutionProperties) = preSolution
		HideSolutionNode = FALSE
	EndGlobalSection
	GlobalSection(ExtensibilityGlobals) = postSolution
		SolutionGuid = {E0540B58-442C-4475-8876-90449ADCEAE8}
	EndGlobalSection
EndGlobal
