
Microsoft Visual Studio Solution File, Format Version 12.00
# Visual Studio 15
VisualStudioVersion = 15.0.27428.2027
MinimumVisualStudioVersion = 10.0.40219.1
Project("{FAE04EC0-301F-11D3-BF4B-00C04F79EFBC}") = "01.EventImplementation", "01.EventImplementation\01.EventImplementation.csproj", "{C813A426-71A2-4D96-86B9-C011EA562B31}"
EndProject
Project("{FAE04EC0-301F-11D3-BF4B-00C04F79EFBC}") = "02.KingsGambit", "02.KingsGambit\02.KingsGambit.csproj", "{874CFE45-C8FB-4F4E-9A46-90CFB34A61BB}"
EndProject
Project("{FAE04EC0-301F-11D3-BF4B-00C04F79EFBC}") = "03.DependencyInversion", "03.DependencyInversion\03.DependencyInversion.csproj", "{AE14DEDB-6E3C-4683-AF37-BA0BC53D50E3}"
EndProject
Project("{FAE04EC0-301F-11D3-BF4B-00C04F79EFBC}") = "04.WorkForce", "04.WorkForce\04.WorkForce.csproj", "{A2825890-EB1B-4ED4-8224-231A5FEE7931}"
EndProject
Global
	GlobalSection(SolutionConfigurationPlatforms) = preSolution
		Debug|Any CPU = Debug|Any CPU
		Release|Any CPU = Release|Any CPU
	EndGlobalSection
	GlobalSection(ProjectConfigurationPlatforms) = postSolution
		{C813A426-71A2-4D96-86B9-C011EA562B31}.Debug|Any CPU.ActiveCfg = Debug|Any CPU
		{C813A426-71A2-4D96-86B9-C011EA562B31}.Debug|Any CPU.Build.0 = Debug|Any CPU
		{C813A426-71A2-4D96-86B9-C011EA562B31}.Release|Any CPU.ActiveCfg = Release|Any CPU
		{C813A426-71A2-4D96-86B9-C011EA562B31}.Release|Any CPU.Build.0 = Release|Any CPU
		{874CFE45-C8FB-4F4E-9A46-90CFB34A61BB}.Debug|Any CPU.ActiveCfg = Debug|Any CPU
		{874CFE45-C8FB-4F4E-9A46-90CFB34A61BB}.Debug|Any CPU.Build.0 = Debug|Any CPU
		{874CFE45-C8FB-4F4E-9A46-90CFB34A61BB}.Release|Any CPU.ActiveCfg = Release|Any CPU
		{874CFE45-C8FB-4F4E-9A46-90CFB34A61BB}.Release|Any CPU.Build.0 = Release|Any CPU
		{AE14DEDB-6E3C-4683-AF37-BA0BC53D50E3}.Debug|Any CPU.ActiveCfg = Debug|Any CPU
		{AE14DEDB-6E3C-4683-AF37-BA0BC53D50E3}.Debug|Any CPU.Build.0 = Debug|Any CPU
		{AE14DEDB-6E3C-4683-AF37-BA0BC53D50E3}.Release|Any CPU.ActiveCfg = Release|Any CPU
		{AE14DEDB-6E3C-4683-AF37-BA0BC53D50E3}.Release|Any CPU.Build.0 = Release|Any CPU
		{A2825890-EB1B-4ED4-8224-231A5FEE7931}.Debug|Any CPU.ActiveCfg = Debug|Any CPU
		{A2825890-EB1B-4ED4-8224-231A5FEE7931}.Debug|Any CPU.Build.0 = Debug|Any CPU
		{A2825890-EB1B-4ED4-8224-231A5FEE7931}.Release|Any CPU.ActiveCfg = Release|Any CPU
		{A2825890-EB1B-4ED4-8224-231A5FEE7931}.Release|Any CPU.Build.0 = Release|Any CPU
	EndGlobalSection
	GlobalSection(SolutionProperties) = preSolution
		HideSolutionNode = FALSE
	EndGlobalSection
	GlobalSection(ExtensibilityGlobals) = postSolution
		SolutionGuid = {94E1C50C-A4FD-4034-BF34-FEFCD7ECC913}
	EndGlobalSection
EndGlobal
